// !$*UTF8*$!
{
	archiveVersion = 1;
	classes = {
	};
	objectVersion = 77;
	objects = {

/* Begin PBXBuildFile section */
		D468EE592FECFAAC002289DC /* WidgetKit.framework in Frameworks */ = {isa = PBXBuildFile; fileRef = D468EE582FECFAAC002289DC /* WidgetKit.framework */; };
		D468EE5B2FECFAAC002289DC /* SwiftUI.framework in Frameworks */ = {isa = PBXBuildFile; fileRef = D468EE5A2FECFAAC002289DC /* SwiftUI.framework */; };
		D468EE682FECFAAE002289DC /* noholeRadarWidgetExtension.appex in Embed Foundation Extensions */ = {isa = PBXBuildFile; fileRef = D468EE562FECFAAC002289DC /* noholeRadarWidgetExtension.appex */; settings = {ATTRIBUTES = (RemoveHeadersOnCopy, ); }; };
/* End PBXBuildFile section */

/* Begin PBXContainerItemProxy section */
		D468EE662FECFAAE002289DC /* PBXContainerItemProxy */ = {
			isa = PBXContainerItemProxy;
			containerPortal = D46A8CF82F6E78BB00F1030D /* Project object */;
			proxyType = 1;
			remoteGlobalIDString = D468EE552FECFAAC002289DC;
			remoteInfo = noholeRadarWidgetExtension;
		};
/* End PBXContainerItemProxy section */

/* Begin PBXCopyFilesBuildPhase section */
		D468EE6D2FECFAAE002289DC /* Embed Foundation Extensions */ = {
			isa = PBXCopyFilesBuildPhase;
			buildActionMask = 2147483647;
			dstPath = "";
			dstSubfolderSpec = 13;
			files = (
				D468EE682FECFAAE002289DC /* noholeRadarWidgetExtension.appex in Embed Foundation Extensions */,
			);
			name = "Embed Foundation Extensions";
			runOnlyForDeploymentPostprocessing = 0;
		};
/* End PBXCopyFilesBuildPhase section */

/* Begin PBXFileReference section */
		D468EE562FECFAAC002289DC /* noholeRadarWidgetExtension.appex */ = {isa = PBXFileReference; explicitFileType = "wrapper.app-extension"; includeInIndex = 0; path = noholeRadarWidgetExtension.appex; sourceTree = BUILT_PRODUCTS_DIR; };
		D468EE582FECFAAC002289DC /* WidgetKit.framework */ = {isa = PBXFileReference; lastKnownFileType = wrapper.framework; name = WidgetKit.framework; path = System/Library/Frameworks/WidgetKit.framework; sourceTree = SDKROOT; };
		D468EE5A2FECFAAC002289DC /* SwiftUI.framework */ = {isa = PBXFileReference; lastKnownFileType = wrapper.framework; name = SwiftUI.framework; path = System/Library/Frameworks/SwiftUI.framework; sourceTree = SDKROOT; };
		D46A8D002F6E78BB00F1030D /* nohole.app */ = {isa = PBXFileReference; explicitFileType = wrapper.application; includeInIndex = 0; path = nohole.app; sourceTree = BUILT_PRODUCTS_DIR; };
/* End PBXFileReference section */

/* Begin PBXFileSystemSynchronizedBuildFileExceptionSet section */
		D468EE6C2FECFAAE002289DC /* Exceptions for "noholeRadarWidget" folder in "noholeRadarWidgetExtension" target */ = {
			isa = PBXFileSystemSynchronizedBuildFileExceptionSet;
			membershipExceptions = (
				Info.plist,
			);
			target = D468EE552FECFAAC002289DC /* noholeRadarWidgetExtension */;
		};
		D468EE712FECFB4C002289DC /* Exceptions for "nohole" folder in "noholeRadarWidgetExtension" target */ = {
			isa = PBXFileSystemSynchronizedBuildFileExceptionSet;
			membershipExceptions = (
				Models/RadarActivityAttributes.swift,
			);
			target = D468EE552FECFAAC002289DC /* noholeRadarWidgetExtension */;
		};
		D481641C2FAB3DDC00476B95 /* Exceptions for "nohole" folder in "nohole" target */ = {
			isa = PBXFileSystemSynchronizedBuildFileExceptionSet;
			membershipExceptions = (
				Info.plist,
			);
			target = D46A8CFF2F6E78BB00F1030D /* nohole */;
		};
/* End PBXFileSystemSynchronizedBuildFileExceptionSet section */

/* Begin PBXFileSystemSynchronizedRootGroup section */
		D468EE5C2FECFAAC002289DC /* noholeRadarWidget */ = {
			isa = PBXFileSystemSynchronizedRootGroup;
			exceptions = (
				D468EE6C2FECFAAE002289DC /* Exceptions for "noholeRadarWidget" folder in "noholeRadarWidgetExtension" target */,
			);
			path = noholeRadarWidget;
			sourceTree = "<group>";
		};
		D46A8D022F6E78BB00F1030D /* nohole */ = {
			isa = PBXFileSystemSynchronizedRootGroup;
			exceptions = (
				D481641C2FAB3DDC00476B95 /* Exceptions for "nohole" folder in "nohole" target */,
				D468EE712FECFB4C002289DC /* Exceptions for "nohole" folder in "noholeRadarWidgetExtension" target */,
			);
			path = nohole;
			sourceTree = "<group>";
		};
/* End PBXFileSystemSynchronizedRootGroup section */

/* Begin PBXFrameworksBuildPhase section */
		D468EE532FECFAAC002289DC /* Frameworks */ = {
			isa = PBXFrameworksBuildPhase;
			buildActionMask = 2147483647;
			files = (
				D468EE5B2FECFAAC002289DC /* SwiftUI.framework in Frameworks */,
				D468EE592FECFAAC002289DC /* WidgetKit.framework in Frameworks */,
			);
			runOnlyForDeploymentPostprocessing = 0;
		};
		D46A8CFD2F6E78BB00F1030D /* Frameworks */ = {
			isa = PBXFrameworksBuildPhase;
			buildActionMask = 2147483647;
			files = (
			);
			runOnlyForDeploymentPostprocessing = 0;
		};
/* End PBXFrameworksBuildPhase section */

/* Begin PBXGroup section */
		D468EE572FECFAAC002289DC /* Frameworks */ = {
			isa = PBXGroup;
			children = (
				D468EE582FECFAAC002289DC /* WidgetKit.framework */,
				D468EE5A2FECFAAC002289DC /* SwiftUI.framework */,
			);
			name = Frameworks;
			sourceTree = "<group>";
		};
		D46A8CF72F6E78BB00F1030D = {
			isa = PBXGroup;
			children = (
				D46A8D022F6E78BB00F1030D /* nohole */,
				D468EE5C2FECFAAC002289DC /* noholeRadarWidget */,
				D468EE572FECFAAC002289DC /* Frameworks */,
				D46A8D012F6E78BB00F1030D /* Products */,
			);
			sourceTree = "<group>";
		};
		D46A8D012F6E78BB00F1030D /* Products */ = {
			isa = PBXGroup;
			children = (
				D46A8D002F6E78BB00F1030D /* nohole.app */,
				D468EE562FECFAAC002289DC /* noholeRadarWidgetExtension.appex */,
			);
			name = Products;
			sourceTree = "<group>";
		};
/* End PBXGroup section */

/* Begin PBXNativeTarget section */
		D468EE552FECFAAC002289DC /* noholeRadarWidgetExtension */ = {
			isa = PBXNativeTarget;
			buildConfigurationList = D468EE692FECFAAE002289DC /* Build configuration list for PBXNativeTarget "noholeRadarWidgetExtension" */;
			buildPhases = (
				D468EE522FECFAAC002289DC /* Sources */,
				D468EE532FECFAAC002289DC /* Frameworks */,
				D468EE542FECFAAC002289DC /* Resources */,
			);
			buildRules = (
			);
			dependencies = (
			);
			fileSystemSynchronizedGroups = (
				D468EE5C2FECFAAC002289DC /* noholeRadarWidget */,
			);
			name = noholeRadarWidgetExtension;
			packageProductDependencies = (
			);
			productName = noholeRadarWidgetExtension;
			productReference = D468EE562FECFAAC002289DC /* noholeRadarWidgetExtension.appex */;
			productType = "com.apple.product-type.app-extension";
		};
		D46A8CFF2F6E78BB00F1030D /* nohole */ = {
			isa = PBXNativeTarget;
			buildConfigurationList = D46A8D0D2F6E78BC00F1030D /* Build configuration list for PBXNativeTarget "nohole" */;
			buildPhases = (
				D46A8CFC2F6E78BB00F1030D /* Sources */,
				D46A8CFD2F6E78BB00F1030D /* Frameworks */,
				D46A8CFE2F6E78BB00F1030D /* Resources */,
				D468EE6D2FECFAAE002289DC /* Embed Foundation Extensions */,
			);
			buildRules = (
			);
			dependencies = (
				D468EE672FECFAAE002289DC /* PBXTargetDependency */,
			);
			fileSystemSynchronizedGroups = (
				D46A8D022F6E78BB00F1030D /* nohole */,
			);
			name = nohole;
			packageProductDependencies = (
			);
			productName = nohole;
			productReference = D46A8D002F6E78BB00F1030D /* nohole.app */;
			productType = "com.apple.product-type.application";
		};
/* End PBXNativeTarget section */

/* Begin PBXProject section */
		D46A8CF82F6E78BB00F1030D /* Project object */ = {
			isa = PBXProject;
			attributes = {
				BuildIndependentTargetsInParallel = 1;
				LastSwiftUpdateCheck = 2630;
				LastUpgradeCheck = 2640;
				TargetAttributes = {
					D468EE552FECFAAC002289DC = {
						CreatedOnToolsVersion = 26.3;
					};
					D46A8CFF2F6E78BB00F1030D = {
						CreatedOnToolsVersion = 26.3;
					};
				};
			};
			buildConfigurationList = D46A8CFB2F6E78BB00F1030D /* Build configuration list for PBXProject "nohole" */;
			developmentRegion = en;
			hasScannedForEncodings = 0;
			knownRegions = (
				en,
				Base,
			);
			mainGroup = D46A8CF72F6E78BB00F1030D;
			minimizedProjectReferenceProxies = 1;
			preferredProjectObjectVersion = 77;
			productRefGroup = D46A8D012F6E78BB00F1030D /* Products */;
			projectDirPath = "";
			projectRoot = "";
			targets = (
				D46A8CFF2F6E78BB00F1030D /* nohole */,
				D468EE552FECFAAC002289DC /* noholeRadarWidgetExtension */,
			);
		};
/* End PBXProject section */

/* Begin PBXResourcesBuildPhase section */
		D468EE542FECFAAC002289DC /* Resources */ = {
			isa = PBXResourcesBuildPhase;
			buildActionMask = 2147483647;
			files = (
			);
			runOnlyForDeploymentPostprocessing = 0;
		};
		D46A8CFE2F6E78BB00F1030D /* Resources */ = {
			isa = PBXResourcesBuildPhase;
			buildActionMask = 2147483647;
			files = (
			);
			runOnlyForDeploymentPostprocessing = 0;
		};
/* End PBXResourcesBuildPhase section */

/* Begin PBXSourcesBuildPhase section */
		D468EE522FECFAAC002289DC /* Sources */ = {
			isa = PBXSourcesBuildPhase;
			buildActionMask = 2147483647;
			files = (
			);
			runOnlyForDeploymentPostprocessing = 0;
		};
		D46A8CFC2F6E78BB00F1030D /* Sources */ = {
			isa = PBXSourcesBuildPhase;
			buildActionMask = 2147483647;
			files = (
			);
			runOnlyForDeploymentPostprocessing = 0;
		};
/* End PBXSourcesBuildPhase section */

/* Begin PBXTargetDependency section */
		D468EE672FECFAAE002289DC /* PBXTargetDependency */ = {
			isa = PBXTargetDependency;
			target = D468EE552FECFAAC002289DC /* noholeRadarWidgetExtension */;
			targetProxy = D468EE662FECFAAE002289DC /* PBXContainerItemProxy */;
		};
/* End PBXTargetDependency section */

/* Begin XCBuildConfiguration section */
		D468EE6A2FECFAAE002289DC /* Debug */ = {
			isa = XCBuildConfiguration;
			buildSettings = {
				ASSETCATALOG_COMPILER_GLOBAL_ACCENT_COLOR_NAME = AccentColor;
				ASSETCATALOG_COMPILER_WIDGET_BACKGROUND_COLOR_NAME = WidgetBackground;
				CODE_SIGN_STYLE = Automatic;
				CURRENT_PROJECT_VERSION = 1;
				DEVELOPMENT_TEAM = YF9NFZN8G5;
				GENERATE_INFOPLIST_FILE = YES;
				INFOPLIST_FILE = noholeRadarWidget/Info.plist;
				INFOPLIST_KEY_CFBundleDisplayName = noholeRadarWidget;
				INFOPLIST_KEY_NSHumanReadableCopyright = "";
				LD_RUNPATH_SEARCH_PATHS = (
					"$(inherited)",
					"@executable_path/Frameworks",
					"@executable_path/../../Frameworks",
				);
				MARKETING_VERSION = 1.0;
				PRODUCT_BUNDLE_IDENTIFIER = xyz.infinitefuture.nohole.noholeRadarWidget;
				PRODUCT_NAME = "$(TARGET_NAME)";
				SKIP_INSTALL = YES;
				STRING_CATALOG_GENERATE_SYMBOLS = YES;
				SWIFT_APPROACHABLE_CONCURRENCY = YES;
				SWIFT_EMIT_LOC_STRINGS = YES;
				SWIFT_UPCOMING_FEATURE_MEMBER_IMPORT_VISIBILITY = YES;
				SWIFT_VERSION = 5.0;
				TARGETED_DEVICE_FAMILY = "1,2";
			};
			name = Debug;
		};
		D468EE6B2FECFAAE002289DC /* Release */ = {
			isa = XCBuildConfiguration;
			buildSettings = {
				ASSETCATALOG_COMPILER_GLOBAL_ACCENT_COLOR_NAME = AccentColor;
				ASSETCATALOG_COMPILER_WIDGET_BACKGROUND_COLOR_NAME = WidgetBackground;
				CODE_SIGN_STYLE = Automatic;
				CURRENT_PROJECT_VERSION = 1;
				DEVELOPMENT_TEAM = YF9NFZN8G5;
				GENERATE_INFOPLIST_FILE = YES;
				INFOPLIST_FILE = noholeRadarWidget/Info.plist;
				INFOPLIST_KEY_CFBundleDisplayName = noholeRadarWidget;
				INFOPLIST_KEY_NSHumanReadableCopyright = "";
				LD_RUNPATH_SEARCH_PATHS = (
					"$(inherited)",
					"@executable_path/Frameworks",
					"@executable_path/../../Frameworks",
				);
				MARKETING_VERSION = 1.0;
				PRODUCT_BUNDLE_IDENTIFIER = xyz.infinitefuture.nohole.noholeRadarWidget;
				PRODUCT_NAME = "$(TARGET_NAME)";
				SKIP_INSTALL = YES;
				STRING_CATALOG_GENERATE_SYMBOLS = YES;
				SWIFT_APPROACHABLE_CONCURRENCY = YES;
				SWIFT_EMIT_LOC_STRINGS = YES;
				SWIFT_UPCOMING_FEATURE_MEMBER_IMPORT_VISIBILITY = YES;
				SWIFT_VERSION = 5.0;
				TARGETED_DEVICE_FAMILY = "1,2";
			};
			name = Release;
		};
		D46A8D0B2F6E78BC00F1030D /* Debug */ = {
			isa = XCBuildConfiguration;
			buildSettings = {
				ALWAYS_SEARCH_USER_PATHS = NO;
				ASSETCATALOG_COMPILER_GENERATE_SWIFT_ASSET_SYMBOL_EXTENSIONS = YES;
				CLANG_ANALYZER_NONNULL = YES;
				CLANG_ANALYZER_NUMBER_OBJECT_CONVERSION = YES_AGGRESSIVE;
				CLANG_CXX_LANGUAGE_STANDARD = "gnu++20";
				CLANG_ENABLE_MODULES = YES;
				CLANG_ENABLE_OBJC_ARC = YES;
				CLANG_ENABLE_OBJC_WEAK = YES;
				CLANG_WARN_BLOCK_CAPTURE_AUTORELEASING = YES;
				CLANG_WARN_BOOL_CONVERSION = YES;
				CLANG_WARN_COMMA = YES;
				CLANG_WARN_CONSTANT_CONVERSION = YES;
				CLANG_WARN_DEPRECATED_OBJC_IMPLEMENTATIONS = YES;
				CLANG_WARN_DIRECT_OBJC_ISA_USAGE = YES_ERROR;
				CLANG_WARN_DOCUMENTATION_COMMENTS = YES;
				CLANG_WARN_EMPTY_BODY = YES;
				CLANG_WARN_ENUM_CONVERSION = YES;
				CLANG_WARN_INFINITE_RECURSION = YES;
				CLANG_WARN_INT_CONVERSION = YES;
				CLANG_WARN_NON_LITERAL_NULL_CONVERSION = YES;
				CLANG_WARN_OBJC_IMPLICIT_RETAIN_SELF = YES;
				CLANG_WARN_OBJC_LITERAL_CONVERSION = YES;
				CLANG_WARN_OBJC_ROOT_CLASS = YES_ERROR;
				CLANG_WARN_QUOTED_INCLUDE_IN_FRAMEWORK_HEADER = YES;
				CLANG_WARN_RANGE_LOOP_ANALYSIS = YES;
				CLANG_WARN_STRICT_PROTOTYPES = YES;
				CLANG_WARN_SUSPICIOUS_MOVE = YES;
				CLANG_WARN_UNGUARDED_AVAILABILITY = YES_AGGRESSIVE;
				CLANG_WARN_UNREACHABLE_CODE = YES;
				CLANG_WARN__DUPLICATE_METHOD_MATCH = YES;
				COPY_PHASE_STRIP = NO;
				DEBUG_INFORMATION_FORMAT = dwarf;
				DEVELOPMENT_TEAM = YF9NFZN8G5;
				ENABLE_STRICT_OBJC_MSGSEND = YES;
				ENABLE_TESTABILITY = YES;
				ENABLE_USER_SCRIPT_SANDBOXING = YES;
				GCC_C_LANGUAGE_STANDARD = gnu17;
				GCC_DYNAMIC_NO_PIC = NO;
				GCC_NO_COMMON_BLOCKS = YES;
				GCC_OPTIMIZATION_LEVEL = 0;
				GCC_PREPROCESSOR_DEFINITIONS = (
					"DEBUG=1",
					"$(inherited)",
				);
				GCC_WARN_64_TO_32_BIT_CONVERSION = YES;
				GCC_WARN_ABOUT_RETURN_TYPE = YES_ERROR;
				GCC_WARN_UNDECLARED_SELECTOR = YES;
				GCC_WARN_UNINITIALIZED_AUTOS = YES_AGGRESSIVE;
				GCC_WARN_UNUSED_FUNCTION = YES;
				GCC_WARN_UNUSED_VARIABLE = YES;
				IPHONEOS_DEPLOYMENT_TARGET = 26.2;
				LOCALIZATION_PREFERS_STRING_CATALOGS = YES;
				MTL_ENABLE_DEBUG_INFO = INCLUDE_SOURCE;
				MTL_FAST_MATH = YES;
				ONLY_ACTIVE_ARCH = YES;
				SDKROOT = iphoneos;
				STRING_CATALOG_GENERATE_SYMBOLS = YES;
				SWIFT_ACTIVE_COMPILATION_CONDITIONS = "DEBUG $(inherited)";
				SWIFT_OPTIMIZATION_LEVEL = "-Onone";
			};
			name = Debug;
		};
		D46A8D0C2F6E78BC00F1030D /* Release */ = {
			isa = XCBuildConfiguration;
			buildSettings = {
				ALWAYS_SEARCH_USER_PATHS = NO;
				ASSETCATALOG_COMPILER_GENERATE_SWIFT_ASSET_SYMBOL_EXTENSIONS = YES;
				CLANG_ANALYZER_NONNULL = YES;
				CLANG_ANALYZER_NUMBER_OBJECT_CONVERSION = YES_AGGRESSIVE;
				CLANG_CXX_LANGUAGE_STANDARD = "gnu++20";
				CLANG_ENABLE_MODULES = YES;
				CLANG_ENABLE_OBJC_ARC = YES;
				CLANG_ENABLE_OBJC_WEAK = YES;
				CLANG_WARN_BLOCK_CAPTURE_AUTORELEASING = YES;
				CLANG_WARN_BOOL_CONVERSION = YES;
				CLANG_WARN_COMMA = YES;
				CLANG_WARN_CONSTANT_CONVERSION = YES;
				CLANG_WARN_DEPRECATED_OBJC_IMPLEMENTATIONS = YES;
				CLANG_WARN_DIRECT_OBJC_ISA_USAGE = YES_ERROR;
				CLANG_WARN_DOCUMENTATION_COMMENTS = YES;
				CLANG_WARN_EMPTY_BODY = YES;
				CLANG_WARN_ENUM_CONVERSION = YES;
				CLANG_WARN_INFINITE_RECURSION = YES;
				CLANG_WARN_INT_CONVERSION = YES;
				CLANG_WARN_NON_LITERAL_NULL_CONVERSION = YES;
				CLANG_WARN_OBJC_IMPLICIT_RETAIN_SELF = YES;
				CLANG_WARN_OBJC_LITERAL_CONVERSION = YES;
				CLANG_WARN_OBJC_ROOT_CLASS = YES_ERROR;
				CLANG_WARN_QUOTED_INCLUDE_IN_FRAMEWORK_HEADER = YES;
				CLANG_WARN_RANGE_LOOP_ANALYSIS = YES;
				CLANG_WARN_STRICT_PROTOTYPES = YES;
				CLANG_WARN_SUSPICIOUS_MOVE = YES;
				CLANG_WARN_UNGUARDED_AVAILABILITY = YES_AGGRESSIVE;
				CLANG_WARN_UNREACHABLE_CODE = YES;
				CLANG_WARN__DUPLICATE_METHOD_MATCH = YES;
				COPY_PHASE_STRIP = NO;
				DEBUG_INFORMATION_FORMAT = "dwarf-with-dsym";
				DEVELOPMENT_TEAM = YF9NFZN8G5;
				ENABLE_NS_ASSERTIONS = NO;
				ENABLE_STRICT_OBJC_MSGSEND = YES;
				ENABLE_USER_SCRIPT_SANDBOXING = YES;
				GCC_C_LANGUAGE_STANDARD = gnu17;
				GCC_NO_COMMON_BLOCKS = YES;
				GCC_WARN_64_TO_32_BIT_CONVERSION = YES;
				GCC_WARN_ABOUT_RETURN_TYPE = YES_ERROR;
				GCC_WARN_UNDECLARED_SELECTOR = YES;
				GCC_WARN_UNINITIALIZED_AUTOS = YES_AGGRESSIVE;
				GCC_WARN_UNUSED_FUNCTION = YES;
				GCC_WARN_UNUSED_VARIABLE = YES;
				IPHONEOS_DEPLOYMENT_TARGET = 26.2;
				LOCALIZATION_PREFERS_STRING_CATALOGS = YES;
				MTL_ENABLE_DEBUG_INFO = NO;
				MTL_FAST_MATH = YES;
				SDKROOT = iphoneos;
				STRING_CATALOG_GENERATE_SYMBOLS = YES;
				SWIFT_COMPILATION_MODE = wholemodule;
				VALIDATE_PRODUCT = YES;
			};
			name = Release;
		};
		D46A8D0E2F6E78BC00F1030D /* Debug */ = {
			isa = XCBuildConfiguration;
			buildSettings = {
				ASSETCATALOG_COMPILER_APPICON_NAME = AppIcon;
				ASSETCATALOG_COMPILER_GLOBAL_ACCENT_COLOR_NAME = AccentColor;
				CODE_SIGN_STYLE = Automatic;
				CURRENT_PROJECT_VERSION = 1;
				DEVELOPMENT_TEAM = YF9NFZN8G5;
				ENABLE_PREVIEWS = YES;
				GENERATE_INFOPLIST_FILE = YES;
				INFOPLIST_FILE = nohole/Info.plist;
				INFOPLIST_KEY_CFBundleDisplayName = NoGlasshole;
				INFOPLIST_KEY_ITSAppUsesNonExemptEncryption = NO;
				INFOPLIST_KEY_LSApplicationCategoryType = "public.app-category.entertainment";
				INFOPLIST_KEY_NSBluetoothAlwaysUsageDescription = "NoGlasshole scans for nearby smart glasses using Bluetooth to help protect your privacy. All scanning happens on-device.";
				INFOPLIST_KEY_NSPhotoLibraryAddUsageDescription = "NoGlasshole needs to save blurred photos and videos to your photo library.";
				INFOPLIST_KEY_NSPhotoLibraryUsageDescription = "NoGlasshole needs access to your photos to detect and blur faces. All processing happens on-device.";
				INFOPLIST_KEY_UIApplicationSceneManifest_Generation = YES;
				INFOPLIST_KEY_UIApplicationSupportsIndirectInputEvents = YES;
				INFOPLIST_KEY_UILaunchScreen_Generation = YES;
				INFOPLIST_KEY_UISupportedInterfaceOrientations = "UIInterfaceOrientationLandscapeLeft UIInterfaceOrientationLandscapeRight UIInterfaceOrientationPortrait";
				INFOPLIST_KEY_UISupportedInterfaceOrientations_iPad = "UIInterfaceOrientationLandscapeLeft UIInterfaceOrientationLandscapeRight UIInterfaceOrientationPortrait UIInterfaceOrientationPortraitUpsideDown";
				LD_RUNPATH_SEARCH_PATHS = (
					"$(inherited)",
					"@executable_path/Frameworks",
				);
				MARKETING_VERSION = 1.2.6;
				PRODUCT_BUNDLE_IDENTIFIER = xyz.infinitefuture.nohole;
				PRODUCT_NAME = "$(TARGET_NAME)";
				STRING_CATALOG_GENERATE_SYMBOLS = YES;
				SUPPORTED_PLATFORMS = "iphoneos iphonesimulator";
				SUPPORTS_MACCATALYST = NO;
				SUPPORTS_MAC_DESIGNED_FOR_IPHONE_IPAD = NO;
				SUPPORTS_XR_DESIGNED_FOR_IPHONE_IPAD = NO;
				SWIFT_APPROACHABLE_CONCURRENCY = YES;
				SWIFT_DEFAULT_ACTOR_ISOLATION = MainActor;
				SWIFT_EMIT_LOC_STRINGS = YES;
				SWIFT_UPCOMING_FEATURE_MEMBER_IMPORT_VISIBILITY = YES;
				SWIFT_VERSION = 5.0;
				TARGETED_DEVICE_FAMILY = 1;
			};
			name = Debug;
		};
		D46A8D0F2F6E78BC00F1030D /* Release */ = {
			isa = XCBuildConfiguration;
			buildSettings = {
				ASSETCATALOG_COMPILER_APPICON_NAME = AppIcon;
				ASSETCATALOG_COMPILER_GLOBAL_ACCENT_COLOR_NAME = AccentColor;
				CODE_SIGN_STYLE = Automatic;
				CURRENT_PROJECT_VERSION = 1;
				DEVELOPMENT_TEAM = YF9NFZN8G5;
				ENABLE_PREVIEWS = YES;
				GENERATE_INFOPLIST_FILE = YES;
				INFOPLIST_FILE = nohole/Info.plist;
				INFOPLIST_KEY_CFBundleDisplayName = NoGlasshole;
				INFOPLIST_KEY_ITSAppUsesNonExemptEncryption = NO;
				INFOPLIST_KEY_LSApplicationCategoryType = "public.app-category.entertainment";
				INFOPLIST_KEY_NSBluetoothAlwaysUsageDescription = "NoGlasshole scans for nearby smart glasses using Bluetooth to help protect your privacy. All scanning happens on-device.";
				INFOPLIST_KEY_NSPhotoLibraryAddUsageDescription = "NoGlasshole needs to save blurred photos and videos to your photo library.";
				INFOPLIST_KEY_NSPhotoLibraryUsageDescription = "NoGlasshole needs access to your photos to detect and blur faces. All processing happens on-device.";
				INFOPLIST_KEY_UIApplicationSceneManifest_Generation = YES;
				INFOPLIST_KEY_UIApplicationSupportsIndirectInputEvents = YES;
				INFOPLIST_KEY_UILaunchScreen_Generation = YES;
				INFOPLIST_KEY_UISupportedInterfaceOrientations = "UIInterfaceOrientationLandscapeLeft UIInterfaceOrientationLandscapeRight UIInterfaceOrientationPortrait";
				INFOPLIST_KEY_UISupportedInterfaceOrientations_iPad = "UIInterfaceOrientationLandscapeLeft UIInterfaceOrientationLandscapeRight UIInterfaceOrientationPortrait UIInterfaceOrientationPortraitUpsideDown";
				LD_RUNPATH_SEARCH_PATHS = (
					"$(inherited)",
					"@executable_path/Frameworks",
				);
				MARKETING_VERSION = 1.2.6;
				PRODUCT_BUNDLE_IDENTIFIER = xyz.infinitefuture.nohole;
				PRODUCT_NAME = "$(TARGET_NAME)";
				STRING_CATALOG_GENERATE_SYMBOLS = YES;
				SUPPORTED_PLATFORMS = "iphoneos iphonesimulator";
				SUPPORTS_MACCATALYST = NO;
				SUPPORTS_MAC_DESIGNED_FOR_IPHONE_IPAD = NO;
				SUPPORTS_XR_DESIGNED_FOR_IPHONE_IPAD = NO;
				SWIFT_APPROACHABLE_CONCURRENCY = YES;
				SWIFT_DEFAULT_ACTOR_ISOLATION = MainActor;
				SWIFT_EMIT_LOC_STRINGS = YES;
				SWIFT_UPCOMING_FEATURE_MEMBER_IMPORT_VISIBILITY = YES;
				SWIFT_VERSION = 5.0;
				TARGETED_DEVICE_FAMILY = 1;
			};
			name = Release;
		};
/* End XCBuildConfiguration section */

/* Begin XCConfigurationList section */
		D468EE692FECFAAE002289DC /* Build configuration list for PBXNativeTarget "noholeRadarWidgetExtension" */ = {
			isa = XCConfigurationList;
			buildConfigurations = (
				D468EE6A2FECFAAE002289DC /* Debug */,
				D468EE6B2FECFAAE002289DC /* Release */,
			);
			defaultConfigurationIsVisible = 0;
			defaultConfigurationName = Release;
		};
		D46A8CFB2F6E78BB00F1030D /* Build configuration list for PBXProject "nohole" */ = {
			isa = XCConfigurationList;
			buildConfigurations = (
				D46A8D0B2F6E78BC00F1030D /* Debug */,
				D46A8D0C2F6E78BC00F1030D /* Release */,
			);
			defaultConfigurationIsVisible = 0;
			defaultConfigurationName = Release;
		};
		D46A8D0D2F6E78BC00F1030D /* Build configuration list for PBXNativeTarget "nohole" */ = {
			isa = XCConfigurationList;
			buildConfigurations = (
				D46A8D0E2F6E78BC00F1030D /* Debug */,
				D46A8D0F2F6E78BC00F1030D /* Release */,
			);
			defaultConfigurationIsVisible = 0;
			defaultConfigurationName = Release;
		};
/* End XCConfigurationList section */
	};
	rootObject = D46A8CF82F6E78BB00F1030D /* Project object */;
}
